
Microsoft Visual Studio Solution File, Format Version 12.00
# Visual Studio Version 16
VisualStudioVersion = 16.0.31402.337
MinimumVisualStudioVersion = 10.0.40219.1
Project("{FAE04EC0-301F-11D3-BF4B-00C04F79EFBC}") = "herkensingDonnel_PartyMVC", "herkensingDonnel_PartyMVC\herkensingDonnel_PartyMVC.csproj", "{24B02882-68EE-4641-9DB6-448B1FDA9A68}"
EndProject
Global
	GlobalSection(SolutionConfigurationPlatforms) = preSolution
		Debug|Any CPU = Debug|Any CPU
		Release|Any CPU = Release|Any CPU
	EndGlobalSection
	GlobalSection(ProjectConfigurationPlatforms) = postSolution
		{24B02882-68EE-4641-9DB6-448B1FDA9A68}.Debug|Any CPU.ActiveCfg = Debug|Any CPU
		{24B02882-68EE-4641-9DB6-448B1FDA9A68}.Debug|Any CPU.Build.0 = Debug|Any CPU
		{24B02882-68EE-4641-9DB6-448B1FDA9A68}.Release|Any CPU.ActiveCfg = Release|Any CPU
		{24B02882-68EE-4641-9DB6-448B1FDA9A68}.Release|Any CPU.Build.0 = Release|Any CPU
	EndGlobalSection
	GlobalSection(SolutionProperties) = preSolution
		HideSolutionNode = FALSE
	EndGlobalSection
	GlobalSection(ExtensibilityGlobals) = postSolution
		SolutionGuid = {32114084-793F-47DE-8448-9D63F4FF89FC}
	EndGlobalSection
EndGlobal
